// !$*UTF8*$!
{
	archiveVersion = 1;
	classes = {
	};
	objectVersion = 50;
	objects = {

/* Begin PBXBuildFile section */
		4B19ED8E46E7A245A886543B /* Pods_avplayer.framework in Frameworks */ = {isa = PBXBuildFile; fileRef = 3C34C469A29AB17EEF7FAE86 /* Pods_avplayer.framework */; };
		89C0C18421F7276700BAF570 /* AppDelegate.swift in Sources */ = {isa = PBXBuildFile; fileRef = 89C0C18321F7276700BAF570 /* AppDelegate.swift */; };
		89C0C18621F7276700BAF570 /* ViewController.swift in Sources */ = {isa = PBXBuildFile; fileRef = 89C0C18521F7276700BAF570 /* ViewController.swift */; };
		89C0C18921F7276700BAF570 /* Main.storyboard in Resources */ = {isa = PBXBuildFile; fileRef = 89C0C18721F7276700BAF570 /* Main.storyboard */; };
		89C0C18C21F7276700BAF570 /* avplayer.xcdatamodeld in Sources */ = {isa = PBXBuildFile; fileRef = 89C0C18A21F7276700BAF570 /* avplayer.xcdatamodeld */; };
		89C0C18E21F7276900BAF570 /* Assets.xcassets in Resources */ = {isa = PBXBuildFile; fileRef = 89C0C18D21F7276900BAF570 /* Assets.xcassets */; };
		89C0C19121F7276900BAF570 /* LaunchScreen.storyboard in Resources */ = {isa = PBXBuildFile; fileRef = 89C0C18F21F7276900BAF570 /* LaunchScreen.storyboard */; };
		89C0C1C721F73DDE00BAF570 /* TableViewCell.swift in Sources */ = {isa = PBXBuildFile; fileRef = 89C0C1C621F73DDE00BAF570 /* TableViewCell.swift */; };
		89C0C1CF21F75CB700BAF570 /* AVViewController.swift in Sources */ = {isa = PBXBuildFile; fileRef = 89C0C1CE21F75CB700BAF570 /* AVViewController.swift */; };
		89C0C1D121F79D1400BAF570 /* Video.swift in Sources */ = {isa = PBXBuildFile; fileRef = 89C0C1D021F79D1400BAF570 /* Video.swift */; };
		89C0C1DA21F7A84C00BAF570 /* tableviewcontroller.swift in Sources */ = {isa = PBXBuildFile; fileRef = 89C0C1D921F7A84C00BAF570 /* tableviewcontroller.swift */; };
/* End PBXBuildFile section */

/* Begin PBXFileReference section */
		02F80228C13F1A537A3BD06E /* Pods-avplayer.release.xcconfig */ = {isa = PBXFileReference; includeInIndex = 1; lastKnownFileType = text.xcconfig; name = "Pods-avplayer.release.xcconfig"; path = "Pods/Target Support Files/Pods-avplayer/Pods-avplayer.release.xcconfig"; sourceTree = "<group>"; };
		3C34C469A29AB17EEF7FAE86 /* Pods_avplayer.framework */ = {isa = PBXFileReference; explicitFileType = wrapper.framework; includeInIndex = 0; path = Pods_avplayer.framework; sourceTree = BUILT_PRODUCTS_DIR; };
		62053AC73E5FF21E5E36AC91 /* Pods-avplayer.debug.xcconfig */ = {isa = PBXFileReference; includeInIndex = 1; lastKnownFileType = text.xcconfig; name = "Pods-avplayer.debug.xcconfig"; path = "Pods/Target Support Files/Pods-avplayer/Pods-avplayer.debug.xcconfig"; sourceTree = "<group>"; };
		89C0C18021F7276700BAF570 /* avplayer.app */ = {isa = PBXFileReference; explicitFileType = wrapper.application; includeInIndex = 0; path = avplayer.app; sourceTree = BUILT_PRODUCTS_DIR; };
		89C0C18321F7276700BAF570 /* AppDelegate.swift */ = {isa = PBXFileReference; lastKnownFileType = sourcecode.swift; path = AppDelegate.swift; sourceTree = "<group>"; };
		89C0C18521F7276700BAF570 /* ViewController.swift */ = {isa = PBXFileReference; lastKnownFileType = sourcecode.swift; path = ViewController.swift; sourceTree = "<group>"; };
		89C0C18821F7276700BAF570 /* Base */ = {isa = PBXFileReference; lastKnownFileType = file.storyboard; name = Base; path = Base.lproj/Main.storyboard; sourceTree = "<group>"; };
		89C0C18B21F7276700BAF570 /* avplayer.xcdatamodel */ = {isa = PBXFileReference; lastKnownFileType = wrapper.xcdatamodel; path = avplayer.xcdatamodel; sourceTree = "<group>"; };
		89C0C18D21F7276900BAF570 /* Assets.xcassets */ = {isa = PBXFileReference; lastKnownFileType = folder.assetcatalog; path = Assets.xcassets; sourceTree = "<group>"; };
		89C0C19021F7276900BAF570 /* Base */ = {isa = PBXFileReference; lastKnownFileType = file.storyboard; name = Base; path = Base.lproj/LaunchScreen.storyboard; sourceTree = "<group>"; };
		89C0C19221F7276900BAF570 /* Info.plist */ = {isa = PBXFileReference; lastKnownFileType = text.plist.xml; path = Info.plist; sourceTree = "<group>"; };
		89C0C1C621F73DDE00BAF570 /* TableViewCell.swift */ = {isa = PBXFileReference; lastKnownFileType = sourcecode.swift; path = TableViewCell.swift; sourceTree = "<group>"; };
		89C0C1CE21F75CB700BAF570 /* AVViewController.swift */ = {isa = PBXFileReference; lastKnownFileType = sourcecode.swift; path = AVViewController.swift; sourceTree = "<group>"; };
		89C0C1D021F79D1400BAF570 /* Video.swift */ = {isa = PBXFileReference; lastKnownFileType = sourcecode.swift; path = Video.swift; sourceTree = "<group>"; };
		89C0C1D921F7A84C00BAF570 /* tableviewcontroller.swift */ = {isa = PBXFileReference; lastKnownFileType = sourcecode.swift; path = tableviewcontroller.swift; sourceTree = "<group>"; };
		89C0C1DC21F7AF2A00BAF570 /* v1.mp4 */ = {isa = PBXFileReference; lastKnownFileType = file; path = v1.mp4; sourceTree = "<group>"; };
		89C0C1DD21F7AF9200BAF570 /* v2.mp4 */ = {isa = PBXFileReference; lastKnownFileType = file; name = v2.mp4; path = ../../../v2.mp4; sourceTree = "<group>"; };
/* End PBXFileReference section */

/* Begin PBXFrameworksBuildPhase section */
		89C0C17D21F7276700BAF570 /* Frameworks */ = {
			isa = PBXFrameworksBuildPhase;
			buildActionMask = 2147483647;
			files = (
				4B19ED8E46E7A245A886543B /* Pods_avplayer.framework in Frameworks */,
			);
			runOnlyForDeploymentPostprocessing = 0;
		};
/* End PBXFrameworksBuildPhase section */

/* Begin PBXGroup section */
		44B53107298C559924F87F3F /* Frameworks */ = {
			isa = PBXGroup;
			children = (
				3C34C469A29AB17EEF7FAE86 /* Pods_avplayer.framework */,
			);
			name = Frameworks;
			sourceTree = "<group>";
		};
		895BD365C97CD4B407741041 /* Pods */ = {
			isa = PBXGroup;
			children = (
				62053AC73E5FF21E5E36AC91 /* Pods-avplayer.debug.xcconfig */,
				02F80228C13F1A537A3BD06E /* Pods-avplayer.release.xcconfig */,
			);
			name = Pods;
			sourceTree = "<group>";
		};
		89C0C17721F7276700BAF570 = {
			isa = PBXGroup;
			children = (
				89C0C18221F7276700BAF570 /* avplayer */,
				89C0C18121F7276700BAF570 /* Products */,
				895BD365C97CD4B407741041 /* Pods */,
				44B53107298C559924F87F3F /* Frameworks */,
			);
			sourceTree = "<group>";
		};
		89C0C18121F7276700BAF570 /* Products */ = {
			isa = PBXGroup;
			children = (
				89C0C18021F7276700BAF570 /* avplayer.app */,
			);
			name = Products;
			sourceTree = "<group>";
		};
		89C0C18221F7276700BAF570 /* avplayer */ = {
			isa = PBXGroup;
			children = (
				89C0C1D221F79E2100BAF570 /* videos */,
				89C0C18321F7276700BAF570 /* AppDelegate.swift */,
				89C0C18521F7276700BAF570 /* ViewController.swift */,
				89C0C18721F7276700BAF570 /* Main.storyboard */,
				89C0C1D921F7A84C00BAF570 /* tableviewcontroller.swift */,
				89C0C1CE21F75CB700BAF570 /* AVViewController.swift */,
				89C0C1D021F79D1400BAF570 /* Video.swift */,
				89C0C1C621F73DDE00BAF570 /* TableViewCell.swift */,
				89C0C18D21F7276900BAF570 /* Assets.xcassets */,
				89C0C18F21F7276900BAF570 /* LaunchScreen.storyboard */,
				89C0C19221F7276900BAF570 /* Info.plist */,
				89C0C18A21F7276700BAF570 /* avplayer.xcdatamodeld */,
			);
			path = avplayer;
			sourceTree = "<group>";
		};
		89C0C1D221F79E2100BAF570 /* videos */ = {
			isa = PBXGroup;
			children = (
				89C0C1DC21F7AF2A00BAF570 /* v1.mp4 */,
				89C0C1DD21F7AF9200BAF570 /* v2.mp4 */,
			);
			path = videos;
			sourceTree = "<group>";
		};
/* End PBXGroup section */

/* Begin PBXNativeTarget section */
		89C0C17F21F7276700BAF570 /* avplayer */ = {
			isa = PBXNativeTarget;
			buildConfigurationList = 89C0C19521F7276900BAF570 /* Build configuration list for PBXNativeTarget "avplayer" */;
			buildPhases = (
				ED5E9E0BE9E8421A7EF67D85 /* [CP] Check Pods Manifest.lock */,
				89C0C17C21F7276700BAF570 /* Sources */,
				89C0C17D21F7276700BAF570 /* Frameworks */,
				89C0C17E21F7276700BAF570 /* Resources */,
			);
			buildRules = (
			);
			dependencies = (
			);
			name = avplayer;
			productName = avplayer;
			productReference = 89C0C18021F7276700BAF570 /* avplayer.app */;
			productType = "com.apple.product-type.application";
		};
/* End PBXNativeTarget section */

/* Begin PBXProject section */
		89C0C17821F7276700BAF570 /* Project object */ = {
			isa = PBXProject;
			attributes = {
				LastSwiftUpdateCheck = 1010;
				LastUpgradeCheck = 1010;
				ORGANIZATIONNAME = "dilip kumar";
				TargetAttributes = {
					89C0C17F21F7276700BAF570 = {
						CreatedOnToolsVersion = 10.1;
					};
				};
			};
			buildConfigurationList = 89C0C17B21F7276700BAF570 /* Build configuration list for PBXProject "avplayer" */;
			compatibilityVersion = "Xcode 9.3";
			developmentRegion = en;
			hasScannedForEncodings = 0;
			knownRegions = (
				en,
				Base,
			);
			mainGroup = 89C0C17721F7276700BAF570;
			productRefGroup = 89C0C18121F7276700BAF570 /* Products */;
			projectDirPath = "";
			projectRoot = "";
			targets = (
				89C0C17F21F7276700BAF570 /* avplayer */,
			);
		};
/* End PBXProject section */

/* Begin PBXResourcesBuildPhase section */
		89C0C17E21F7276700BAF570 /* Resources */ = {
			isa = PBXResourcesBuildPhase;
			buildActionMask = 2147483647;
			files = (
				89C0C19121F7276900BAF570 /* LaunchScreen.storyboard in Resources */,
				89C0C18E21F7276900BAF570 /* Assets.xcassets in Resources */,
				89C0C18921F7276700BAF570 /* Main.storyboard in Resources */,
			);
			runOnlyForDeploymentPostprocessing = 0;
		};
/* End PBXResourcesBuildPhase section */

/* Begin PBXShellScriptBuildPhase section */
		ED5E9E0BE9E8421A7EF67D85 /* [CP] Check Pods Manifest.lock */ = {
			isa = PBXShellScriptBuildPhase;
			buildActionMask = 2147483647;
			files = (
			);
			inputPaths = (
				"${PODS_PODFILE_DIR_PATH}/Podfile.lock",
				"${PODS_ROOT}/Manifest.lock",
			);
			name = "[CP] Check Pods Manifest.lock";
			outputPaths = (
				"$(DERIVED_FILE_DIR)/Pods-avplayer-checkManifestLockResult.txt",
			);
			runOnlyForDeploymentPostprocessing = 0;
			shellPath = /bin/sh;
			shellScript = "diff \"${PODS_PODFILE_DIR_PATH}/Podfile.lock\" \"${PODS_ROOT}/Manifest.lock\" > /dev/null\nif [ $? != 0 ] ; then\n    # print error to STDERR\n    echo \"error: The sandbox is not in sync with the Podfile.lock. Run 'pod install' or update your CocoaPods installation.\" >&2\n    exit 1\nfi\n# This output is used by Xcode 'outputs' to avoid re-running this script phase.\necho \"SUCCESS\" > \"${SCRIPT_OUTPUT_FILE_0}\"\n";
			showEnvVarsInLog = 0;
		};
/* End PBXShellScriptBuildPhase section */

/* Begin PBXSourcesBuildPhase section */
		89C0C17C21F7276700BAF570 /* Sources */ = {
			isa = PBXSourcesBuildPhase;
			buildActionMask = 2147483647;
			files = (
				89C0C1C721F73DDE00BAF570 /* TableViewCell.swift in Sources */,
				89C0C1DA21F7A84C00BAF570 /* tableviewcontroller.swift in Sources */,
				89C0C18621F7276700BAF570 /* ViewController.swift in Sources */,
				89C0C1D121F79D1400BAF570 /* Video.swift in Sources */,
				89C0C18C21F7276700BAF570 /* avplayer.xcdatamodeld in Sources */,
				89C0C18421F7276700BAF570 /* AppDelegate.swift in Sources */,
				89C0C1CF21F75CB700BAF570 /* AVViewController.swift in Sources */,
			);
			runOnlyForDeploymentPostprocessing = 0;
		};
/* End PBXSourcesBuildPhase section */

/* Begin PBXVariantGroup section */
		89C0C18721F7276700BAF570 /* Main.storyboard */ = {
			isa = PBXVariantGroup;
			children = (
				89C0C18821F7276700BAF570 /* Base */,
			);
			name = Main.storyboard;
			sourceTree = "<group>";
		};
		89C0C18F21F7276900BAF570 /* LaunchScreen.storyboard */ = {
			isa = PBXVariantGroup;
			children = (
				89C0C19021F7276900BAF570 /* Base */,
			);
			name = LaunchScreen.storyboard;
			sourceTree = "<group>";
		};
/* End PBXVariantGroup section */

/* Begin XCBuildConfiguration section */
		89C0C19321F7276900BAF570 /* Debug */ = {
			isa = XCBuildConfiguration;
			buildSettings = {
				ALWAYS_SEARCH_USER_PATHS = NO;
				CLANG_ANALYZER_NONNULL = YES;
				CLANG_ANALYZER_NUMBER_OBJECT_CONVERSION = YES_AGGRESSIVE;
				CLANG_CXX_LANGUAGE_STANDARD = "gnu++14";
				CLANG_CXX_LIBRARY = "libc++";
				CLANG_ENABLE_MODULES = YES;
				CLANG_ENABLE_OBJC_ARC = YES;
				CLANG_ENABLE_OBJC_WEAK = YES;
				CLANG_WARN_BLOCK_CAPTURE_AUTORELEASING = YES;
				CLANG_WARN_BOOL_CONVERSION = YES;
				CLANG_WARN_COMMA = YES;
				CLANG_WARN_CONSTANT_CONVERSION = YES;
				CLANG_WARN_DEPRECATED_OBJC_IMPLEMENTATIONS = YES;
				CLANG_WARN_DIRECT_OBJC_ISA_USAGE = YES_ERROR;
				CLANG_WARN_DOCUMENTATION_COMMENTS = YES;
				CLANG_WARN_EMPTY_BODY = YES;
				CLANG_WARN_ENUM_CONVERSION = YES;
				CLANG_WARN_INFINITE_RECURSION = YES;
				CLANG_WARN_INT_CONVERSION = YES;
				CLANG_WARN_NON_LITERAL_NULL_CONVERSION = YES;
				CLANG_WARN_OBJC_IMPLICIT_RETAIN_SELF = YES;
				CLANG_WARN_OBJC_LITERAL_CONVERSION = YES;
				CLANG_WARN_OBJC_ROOT_CLASS = YES_ERROR;
				CLANG_WARN_RANGE_LOOP_ANALYSIS = YES;
				CLANG_WARN_STRICT_PROTOTYPES = YES;
				CLANG_WARN_SUSPICIOUS_MOVE = YES;
				CLANG_WARN_UNGUARDED_AVAILABILITY = YES_AGGRESSIVE;
				CLANG_WARN_UNREACHABLE_CODE = YES;
				CLANG_WARN__DUPLICATE_METHOD_MATCH = YES;
				CODE_SIGN_IDENTITY = "iPhone Developer";
				COPY_PHASE_STRIP = NO;
				DEBUG_INFORMATION_FORMAT = dwarf;
				ENABLE_STRICT_OBJC_MSGSEND = YES;
				ENABLE_TESTABILITY = YES;
				GCC_C_LANGUAGE_STANDARD = gnu11;
				GCC_DYNAMIC_NO_PIC = NO;
				GCC_NO_COMMON_BLOCKS = YES;
				GCC_OPTIMIZATION_LEVEL = 0;
				GCC_PREPROCESSOR_DEFINITIONS = (
					"DEBUG=1",
					"$(inherited)",
				);
				GCC_WARN_64_TO_32_BIT_CONVERSION = YES;
				GCC_WARN_ABOUT_RETURN_TYPE = YES_ERROR;
				GCC_WARN_UNDECLARED_SELECTOR = YES;
				GCC_WARN_UNINITIALIZED_AUTOS = YES_AGGRESSIVE;
				GCC_WARN_UNUSED_FUNCTION = YES;
				GCC_WARN_UNUSED_VARIABLE = YES;
				IPHONEOS_DEPLOYMENT_TARGET = 12.1;
				MTL_ENABLE_DEBUG_INFO = INCLUDE_SOURCE;
				MTL_FAST_MATH = YES;
				ONLY_ACTIVE_ARCH = YES;
				SDKROOT = iphoneos;
				SWIFT_ACTIVE_COMPILATION_CONDITIONS = DEBUG;
				SWIFT_OPTIMIZATION_LEVEL = "-Onone";
			};
			name = Debug;
		};
		89C0C19421F7276900BAF570 /* Release */ = {
			isa = XCBuildConfiguration;
			buildSettings = {
				ALWAYS_SEARCH_USER_PATHS = NO;
				CLANG_ANALYZER_NONNULL = YES;
				CLANG_ANALYZER_NUMBER_OBJECT_CONVERSION = YES_AGGRESSIVE;
				CLANG_CXX_LANGUAGE_STANDARD = "gnu++14";
				CLANG_CXX_LIBRARY = "libc++";
				CLANG_ENABLE_MODULES = YES;
				CLANG_ENABLE_OBJC_ARC = YES;
				CLANG_ENABLE_OBJC_WEAK = YES;
				CLANG_WARN_BLOCK_CAPTURE_AUTORELEASING = YES;
				CLANG_WARN_BOOL_CONVERSION = YES;
				CLANG_WARN_COMMA = YES;
				CLANG_WARN_CONSTANT_CONVERSION = YES;
				CLANG_WARN_DEPRECATED_OBJC_IMPLEMENTATIONS = YES;
				CLANG_WARN_DIRECT_OBJC_ISA_USAGE = YES_ERROR;
				CLANG_WARN_DOCUMENTATION_COMMENTS = YES;
				CLANG_WARN_EMPTY_BODY = YES;
				CLANG_WARN_ENUM_CONVERSION = YES;
				CLANG_WARN_INFINITE_RECURSION = YES;
				CLANG_WARN_INT_CONVERSION = YES;
				CLANG_WARN_NON_LITERAL_NULL_CONVERSION = YES;
				CLANG_WARN_OBJC_IMPLICIT_RETAIN_SELF = YES;
				CLANG_WARN_OBJC_LITERAL_CONVERSION = YES;
				CLANG_WARN_OBJC_ROOT_CLASS = YES_ERROR;
				CLANG_WARN_RANGE_LOOP_ANALYSIS = YES;
				CLANG_WARN_STRICT_PROTOTYPES = YES;
				CLANG_WARN_SUSPICIOUS_MOVE = YES;
				CLANG_WARN_UNGUARDED_AVAILABILITY = YES_AGGRESSIVE;
				CLANG_WARN_UNREACHABLE_CODE = YES;
				CLANG_WARN__DUPLICATE_METHOD_MATCH = YES;
				CODE_SIGN_IDENTITY = "iPhone Developer";
				COPY_PHASE_STRIP = NO;
				DEBUG_INFORMATION_FORMAT = "dwarf-with-dsym";
				ENABLE_NS_ASSERTIONS = NO;
				ENABLE_STRICT_OBJC_MSGSEND = YES;
				GCC_C_LANGUAGE_STANDARD = gnu11;
				GCC_NO_COMMON_BLOCKS = YES;
				GCC_WARN_64_TO_32_BIT_CONVERSION = YES;
				GCC_WARN_ABOUT_RETURN_TYPE = YES_ERROR;
				GCC_WARN_UNDECLARED_SELECTOR = YES;
				GCC_WARN_UNINITIALIZED_AUTOS = YES_AGGRESSIVE;
				GCC_WARN_UNUSED_FUNCTION = YES;
				GCC_WARN_UNUSED_VARIABLE = YES;
				IPHONEOS_DEPLOYMENT_TARGET = 12.1;
				MTL_ENABLE_DEBUG_INFO = NO;
				MTL_FAST_MATH = YES;
				SDKROOT = iphoneos;
				SWIFT_COMPILATION_MODE = wholemodule;
				SWIFT_OPTIMIZATION_LEVEL = "-O";
				VALIDATE_PRODUCT = YES;
			};
			name = Release;
		};
		89C0C19621F7276900BAF570 /* Debug */ = {
			isa = XCBuildConfiguration;
			baseConfigurationReference = 62053AC73E5FF21E5E36AC91 /* Pods-avplayer.debug.xcconfig */;
			buildSettings = {
				ASSETCATALOG_COMPILER_APPICON_NAME = AppIcon;
				CODE_SIGN_STYLE = Automatic;
				INFOPLIST_FILE = avplayer/Info.plist;
				LD_RUNPATH_SEARCH_PATHS = (
					"$(inherited)",
					"@executable_path/Frameworks",
				);
				PRODUCT_BUNDLE_IDENTIFIER = firstapp.com.avplayer;
				PRODUCT_NAME = "$(TARGET_NAME)";
				SWIFT_VERSION = 4.2;
				TARGETED_DEVICE_FAMILY = "1,2";
			};
			name = Debug;
		};
		89C0C19721F7276900BAF570 /* Release */ = {
			isa = XCBuildConfiguration;
			baseConfigurationReference = 02F80228C13F1A537A3BD06E /* Pods-avplayer.release.xcconfig */;
			buildSettings = {
				ASSETCATALOG_COMPILER_APPICON_NAME = AppIcon;
				CODE_SIGN_STYLE = Automatic;
				INFOPLIST_FILE = avplayer/Info.plist;
				LD_RUNPATH_SEARCH_PATHS = (
					"$(inherited)",
					"@executable_path/Frameworks",
				);
				PRODUCT_BUNDLE_IDENTIFIER = firstapp.com.avplayer;
				PRODUCT_NAME = "$(TARGET_NAME)";
				SWIFT_VERSION = 4.2;
				TARGETED_DEVICE_FAMILY = "1,2";
			};
			name = Release;
		};
/* End XCBuildConfiguration section */

/* Begin XCConfigurationList section */
		89C0C17B21F7276700BAF570 /* Build configuration list for PBXProject "avplayer" */ = {
			isa = XCConfigurationList;
			buildConfigurations = (
				89C0C19321F7276900BAF570 /* Debug */,
				89C0C19421F7276900BAF570 /* Release */,
			);
			defaultConfigurationIsVisible = 0;
			defaultConfigurationName = Release;
		};
		89C0C19521F7276900BAF570 /* Build configuration list for PBXNativeTarget "avplayer" */ = {
			isa = XCConfigurationList;
			buildConfigurations = (
				89C0C19621F7276900BAF570 /* Debug */,
				89C0C19721F7276900BAF570 /* Release */,
			);
			defaultConfigurationIsVisible = 0;
			defaultConfigurationName = Release;
		};
/* End XCConfigurationList section */

/* Begin XCVersionGroup section */
		89C0C18A21F7276700BAF570 /* avplayer.xcdatamodeld */ = {
			isa = XCVersionGroup;
			children = (
				89C0C18B21F7276700BAF570 /* avplayer.xcdatamodel */,
			);
			currentVersion = 89C0C18B21F7276700BAF570 /* avplayer.xcdatamodel */;
			path = avplayer.xcdatamodeld;
			sourceTree = "<group>";
			versionGroupType = wrapper.xcdatamodel;
		};
/* End XCVersionGroup section */
	};
	rootObject = 89C0C17821F7276700BAF570 /* Project object */;
}
